{
  "name": "19.rollup",
  "version": "1.0.0",
  "lockfileVersion": 2,
  "requires": true,
  "packages": {
    "": {
      "name": "19.rollup",
      "version": "1.0.0",
      "license": "ISC",
      "devDependencies": {
        "magic-string": "^0.26.4"
      }
    },
    "node_modules/magic-string": {
      "version": "0.26.4",
      "resolved": "https://registry.npmmirror.com/magic-string/-/magic-string-0.26.4.tgz",
      "integrity": "sha512-e5uXtVJ22aEpK9u1+eQf0fSxHeqwyV19K+uGnlROCxUhzwRip9tBsaMViK/0vC3viyPd5Gtucp3UmEp/Q2cPTQ==",
      "dev": true,
      "dependencies": {
        "sourcemap-codec": "^1.4.8"
      },
      "engines": {
        "node": ">=12"
      }
    },
    "node_modules/sourcemap-codec": {
      "version": "1.4.8",
      "resolved": "https://registry.npmmirror.com/sourcemap-codec/-/sourcemap-codec-1.4.8.tgz",
      "integrity": "sha512-9NykojV5Uih4lgo5So5dtw+f0JgJX30KCNI8gwhz2J9A15wD0Ml6tjHKwf6fTSa6fAdVBdZeNOs9eJ71qCk8vA==",
      "dev": true
    }
  },
  "dependencies": {
    "magic-string": {
      "version": "0.26.4",
      "resolved": "https://registry.npmmirror.com/magic-string/-/magic-string-0.26.4.tgz",
      "integrity": "sha512-e5uXtVJ22aEpK9u1+eQf0fSxHeqwyV19K+uGnlROCxUhzwRip9tBsaMViK/0vC3viyPd5Gtucp3UmEp/Q2cPTQ==",
      "dev": true,
      "requires": {
        "sourcemap-codec": "^1.4.8"
      }
    },
    "sourcemap-codec": {
      "version": "1.4.8",
      "resolved": "https://registry.npmmirror.com/sourcemap-codec/-/sourcemap-codec-1.4.8.tgz",
      "integrity": "sha512-9NykojV5Uih4lgo5So5dtw+f0JgJX30KCNI8gwhz2J9A15wD0Ml6tjHKwf6fTSa6fAdVBdZeNOs9eJ71qCk8vA==",
      "dev": true
    }
  }
}
